
Microsoft Visual Studio Solution File, Format Version 12.00
# Visual Studio Version 16
VisualStudioVersion = 16.0.30114.105
MinimumVisualStudioVersion = 10.0.40219.1
Project("{2150E333-8FDC-42A3-9474-1A3956D46DE8}") = "Services", "Services", "{67BE3B0D-D8CC-4BE7-8907-5457EDE463A4}"
EndProject
Project("{FAE04EC0-301F-11D3-BF4B-00C04F79EFBC}") = "DeployEksDemo", "Services\DeployEksDemo\DeployEksDemo.csproj", "{1E4E644A-5128-4574-A30B-11ED3C79A3C7}"
EndProject
Project("{2150E333-8FDC-42A3-9474-1A3956D46DE8}") = "Tests", "Tests", "{A814A6CD-23D6-45D8-BF2A-B5017CDF77F1}"
EndProject
Project("{2150E333-8FDC-42A3-9474-1A3956D46DE8}") = "Services", "Services", "{F9D0EA90-80D5-45F8-B22D-EEBF3F3547F8}"
EndProject
Project("{FAE04EC0-301F-11D3-BF4B-00C04F79EFBC}") = "Test.DeployEksDemo", "Tests\Services\Test.DeployEksDemo\Test.DeployEksDemo.csproj", "{32B40364-9292-4545-8636-CC9FD7EB3F2B}"
EndProject
Global
	GlobalSection(SolutionConfigurationPlatforms) = preSolution
		Debug|Any CPU = Debug|Any CPU
		Release|Any CPU = Release|Any CPU
	EndGlobalSection
	GlobalSection(SolutionProperties) = preSolution
		HideSolutionNode = FALSE
	EndGlobalSection
	GlobalSection(ProjectConfigurationPlatforms) = postSolution
		{1E4E644A-5128-4574-A30B-11ED3C79A3C7}.Debug|Any CPU.ActiveCfg = Debug|Any CPU
		{1E4E644A-5128-4574-A30B-11ED3C79A3C7}.Debug|Any CPU.Build.0 = Debug|Any CPU
		{1E4E644A-5128-4574-A30B-11ED3C79A3C7}.Release|Any CPU.ActiveCfg = Release|Any CPU
		{1E4E644A-5128-4574-A30B-11ED3C79A3C7}.Release|Any CPU.Build.0 = Release|Any CPU
		{32B40364-9292-4545-8636-CC9FD7EB3F2B}.Debug|Any CPU.ActiveCfg = Debug|Any CPU
		{32B40364-9292-4545-8636-CC9FD7EB3F2B}.Debug|Any CPU.Build.0 = Debug|Any CPU
		{32B40364-9292-4545-8636-CC9FD7EB3F2B}.Release|Any CPU.ActiveCfg = Release|Any CPU
		{32B40364-9292-4545-8636-CC9FD7EB3F2B}.Release|Any CPU.Build.0 = Release|Any CPU
	EndGlobalSection
	GlobalSection(NestedProjects) = preSolution
		{1E4E644A-5128-4574-A30B-11ED3C79A3C7} = {67BE3B0D-D8CC-4BE7-8907-5457EDE463A4}
		{F9D0EA90-80D5-45F8-B22D-EEBF3F3547F8} = {A814A6CD-23D6-45D8-BF2A-B5017CDF77F1}
		{32B40364-9292-4545-8636-CC9FD7EB3F2B} = {F9D0EA90-80D5-45F8-B22D-EEBF3F3547F8}
	EndGlobalSection
EndGlobal
